
Microsoft Visual Studio Solution File, Format Version 12.00
# Visual Studio Version 16
VisualStudioVersion = 16.0.31613.86
MinimumVisualStudioVersion = 10.0.40219.1
Project("{9A19103F-16F7-4668-BE54-9A1E7A4F7556}") = "BlazorCRUD.UI", "BlazorCRUD.UI\BlazorCRUD.UI.csproj", "{1E347F83-29CF-4766-A136-796D559515EB}"
EndProject
Project("{9A19103F-16F7-4668-BE54-9A1E7A4F7556}") = "BlazorCRUD.Model", "BlazorCRUD.Model\BlazorCRUD.Model.csproj", "{403F5CA1-F104-4B4F-8B1B-6229C9938536}"
EndProject
Project("{9A19103F-16F7-4668-BE54-9A1E7A4F7556}") = "BlazorCRUD.Data.Dapper", "BlazorCRUD.Data.Dapper\BlazorCRUD.Data.Dapper.csproj", "{57CEAA16-759C-4668-8AA9-BA351D080268}"
EndProject
Global
	GlobalSection(SolutionConfigurationPlatforms) = preSolution
		Debug|Any CPU = Debug|Any CPU
		Release|Any CPU = Release|Any CPU
	EndGlobalSection
	GlobalSection(ProjectConfigurationPlatforms) = postSolution
		{1E347F83-29CF-4766-A136-796D559515EB}.Debug|Any CPU.ActiveCfg = Debug|Any CPU
		{1E347F83-29CF-4766-A136-796D559515EB}.Debug|Any CPU.Build.0 = Debug|Any CPU
		{1E347F83-29CF-4766-A136-796D559515EB}.Release|Any CPU.ActiveCfg = Release|Any CPU
		{1E347F83-29CF-4766-A136-796D559515EB}.Release|Any CPU.Build.0 = Release|Any CPU
		{403F5CA1-F104-4B4F-8B1B-6229C9938536}.Debug|Any CPU.ActiveCfg = Debug|Any CPU
		{403F5CA1-F104-4B4F-8B1B-6229C9938536}.Debug|Any CPU.Build.0 = Debug|Any CPU
		{403F5CA1-F104-4B4F-8B1B-6229C9938536}.Release|Any CPU.ActiveCfg = Release|Any CPU
		{403F5CA1-F104-4B4F-8B1B-6229C9938536}.Release|Any CPU.Build.0 = Release|Any CPU
		{57CEAA16-759C-4668-8AA9-BA351D080268}.Debug|Any CPU.ActiveCfg = Debug|Any CPU
		{57CEAA16-759C-4668-8AA9-BA351D080268}.Debug|Any CPU.Build.0 = Debug|Any CPU
		{57CEAA16-759C-4668-8AA9-BA351D080268}.Release|Any CPU.ActiveCfg = Release|Any CPU
		{57CEAA16-759C-4668-8AA9-BA351D080268}.Release|Any CPU.Build.0 = Release|Any CPU
	EndGlobalSection
	GlobalSection(SolutionProperties) = preSolution
		HideSolutionNode = FALSE
	EndGlobalSection
	GlobalSection(ExtensibilityGlobals) = postSolution
		SolutionGuid = {05DB9B2D-B7D2-40EF-87C9-AB884DB70108}
	EndGlobalSection
EndGlobal
